
Microsoft Visual Studio Solution File, Format Version 12.00
# Visual Studio 15
VisualStudioVersion = 15.0.28010.2041
MinimumVisualStudioVersion = 10.0.40219.1
Project("{2150E333-8FDC-42A3-9474-1A3956D46DE8}") = "01.Entidades", "01.Entidades", "{F79E5680-E21C-4466-B3FB-045A23D03892}"
EndProject
Project("{2150E333-8FDC-42A3-9474-1A3956D46DE8}") = "02.Datos", "02.Datos", "{5A22765D-3749-4E58-B61F-E16CB3B65F04}"
EndProject
Project("{2150E333-8FDC-42A3-9474-1A3956D46DE8}") = "03.Negocio", "03.Negocio", "{B7CB3CE0-42A2-4DB1-8120-81ED6A18100F}"
EndProject
Project("{2150E333-8FDC-42A3-9474-1A3956D46DE8}") = "04. ServicioWindows", "04. ServicioWindows", "{9620E39A-0F26-41A2-A975-BD60C32DD095}"
EndProject
Project("{FAE04EC0-301F-11D3-BF4B-00C04F79EFBC}") = "FactElec.EntidadNegocio", "FactElec.CapaEntidad\FactElec.EntidadNegocio.csproj", "{7A9130D4-C90F-4F02-B01B-2A67FC84D8E9}"
EndProject
Project("{FAE04EC0-301F-11D3-BF4B-00C04F79EFBC}") = "FactElec.AccesoDatos", "FactElec.CapaDatos\FactElec.AccesoDatos.csproj", "{BA125CB9-39B5-4063-8B4B-D3261452ECF8}"
EndProject
Project("{FAE04EC0-301F-11D3-BF4B-00C04F79EFBC}") = "FactElec.LogicaNegocio", "FactElec.CapaNegocio\FactElec.LogicaNegocio.csproj", "{863AE935-E8B4-4147-9EAA-2FA97EB9BFA7}"
EndProject
Project("{FAE04EC0-301F-11D3-BF4B-00C04F79EFBC}") = "ServWinSincronizacion", "ServWinSincronizacion\ServWinSincronizacion.csproj", "{CFF7D838-072D-4ADB-A4B7-D97E9E6A9041}"
EndProject
Project("{2150E333-8FDC-42A3-9474-1A3956D46DE8}") = "05.Pruebas", "05.Pruebas", "{2564348C-7396-400A-AA45-B8F6EDFF23D2}"
EndProject
Project("{FAE04EC0-301F-11D3-BF4B-00C04F79EFBC}") = "Prueba", "Prueba\Prueba.csproj", "{10FD92C7-12CA-4075-B706-FA26F014293D}"
EndProject
Project("{2150E333-8FDC-42A3-9474-1A3956D46DE8}") = "05. Utiles", "05. Utiles", "{F6732D02-B303-4D5D-B34D-CC46EB807994}"
EndProject
Project("{FAE04EC0-301F-11D3-BF4B-00C04F79EFBC}") = "FactElec.Log", "FactElec.Log\FactElec.Log.csproj", "{9B8AE09A-8563-48DE-84CB-45827F319816}"
EndProject
Project("{2150E333-8FDC-42A3-9474-1A3956D46DE8}") = "06. Instalador", "06. Instalador", "{44C73220-86DF-4469-82D1-C0273D17F1C4}"
EndProject
Project("{54435603-DBB4-11D2-8724-00A0C9A8B90C}") = "ServicioSincronizacion.Installer", "ServicioSincronizacion.Installer\ServicioSincronizacion.Installer.vdproj", "{E84E75C1-40BB-42FE-B47B-9E279C52CA0D}"
EndProject
Global
	GlobalSection(SolutionConfigurationPlatforms) = preSolution
		Debug|Any CPU = Debug|Any CPU
		Release|Any CPU = Release|Any CPU
	EndGlobalSection
	GlobalSection(ProjectConfigurationPlatforms) = postSolution
		{7A9130D4-C90F-4F02-B01B-2A67FC84D8E9}.Debug|Any CPU.ActiveCfg = Debug|Any CPU
		{7A9130D4-C90F-4F02-B01B-2A67FC84D8E9}.Debug|Any CPU.Build.0 = Debug|Any CPU
		{7A9130D4-C90F-4F02-B01B-2A67FC84D8E9}.Release|Any CPU.ActiveCfg = Release|Any CPU
		{7A9130D4-C90F-4F02-B01B-2A67FC84D8E9}.Release|Any CPU.Build.0 = Release|Any CPU
		{BA125CB9-39B5-4063-8B4B-D3261452ECF8}.Debug|Any CPU.ActiveCfg = Debug|Any CPU
		{BA125CB9-39B5-4063-8B4B-D3261452ECF8}.Debug|Any CPU.Build.0 = Debug|Any CPU
		{BA125CB9-39B5-4063-8B4B-D3261452ECF8}.Release|Any CPU.ActiveCfg = Release|Any CPU
		{BA125CB9-39B5-4063-8B4B-D3261452ECF8}.Release|Any CPU.Build.0 = Release|Any CPU
		{863AE935-E8B4-4147-9EAA-2FA97EB9BFA7}.Debug|Any CPU.ActiveCfg = Debug|Any CPU
		{863AE935-E8B4-4147-9EAA-2FA97EB9BFA7}.Debug|Any CPU.Build.0 = Debug|Any CPU
		{863AE935-E8B4-4147-9EAA-2FA97EB9BFA7}.Release|Any CPU.ActiveCfg = Release|Any CPU
		{863AE935-E8B4-4147-9EAA-2FA97EB9BFA7}.Release|Any CPU.Build.0 = Release|Any CPU
		{CFF7D838-072D-4ADB-A4B7-D97E9E6A9041}.Debug|Any CPU.ActiveCfg = Debug|Any CPU
		{CFF7D838-072D-4ADB-A4B7-D97E9E6A9041}.Debug|Any CPU.Build.0 = Debug|Any CPU
		{CFF7D838-072D-4ADB-A4B7-D97E9E6A9041}.Release|Any CPU.ActiveCfg = Release|Any CPU
		{CFF7D838-072D-4ADB-A4B7-D97E9E6A9041}.Release|Any CPU.Build.0 = Release|Any CPU
		{10FD92C7-12CA-4075-B706-FA26F014293D}.Debug|Any CPU.ActiveCfg = Debug|Any CPU
		{10FD92C7-12CA-4075-B706-FA26F014293D}.Debug|Any CPU.Build.0 = Debug|Any CPU
		{10FD92C7-12CA-4075-B706-FA26F014293D}.Release|Any CPU.ActiveCfg = Release|Any CPU
		{10FD92C7-12CA-4075-B706-FA26F014293D}.Release|Any CPU.Build.0 = Release|Any CPU
		{9B8AE09A-8563-48DE-84CB-45827F319816}.Debug|Any CPU.ActiveCfg = Debug|Any CPU
		{9B8AE09A-8563-48DE-84CB-45827F319816}.Debug|Any CPU.Build.0 = Debug|Any CPU
		{9B8AE09A-8563-48DE-84CB-45827F319816}.Release|Any CPU.ActiveCfg = Release|Any CPU
		{9B8AE09A-8563-48DE-84CB-45827F319816}.Release|Any CPU.Build.0 = Release|Any CPU
		{E84E75C1-40BB-42FE-B47B-9E279C52CA0D}.Debug|Any CPU.ActiveCfg = Debug
		{E84E75C1-40BB-42FE-B47B-9E279C52CA0D}.Release|Any CPU.ActiveCfg = Release
	EndGlobalSection
	GlobalSection(SolutionProperties) = preSolution
		HideSolutionNode = FALSE
	EndGlobalSection
	GlobalSection(NestedProjects) = preSolution
		{7A9130D4-C90F-4F02-B01B-2A67FC84D8E9} = {F79E5680-E21C-4466-B3FB-045A23D03892}
		{BA125CB9-39B5-4063-8B4B-D3261452ECF8} = {5A22765D-3749-4E58-B61F-E16CB3B65F04}
		{863AE935-E8B4-4147-9EAA-2FA97EB9BFA7} = {B7CB3CE0-42A2-4DB1-8120-81ED6A18100F}
		{CFF7D838-072D-4ADB-A4B7-D97E9E6A9041} = {9620E39A-0F26-41A2-A975-BD60C32DD095}
		{10FD92C7-12CA-4075-B706-FA26F014293D} = {2564348C-7396-400A-AA45-B8F6EDFF23D2}
		{9B8AE09A-8563-48DE-84CB-45827F319816} = {F6732D02-B303-4D5D-B34D-CC46EB807994}
		{E84E75C1-40BB-42FE-B47B-9E279C52CA0D} = {44C73220-86DF-4469-82D1-C0273D17F1C4}
	EndGlobalSection
	GlobalSection(ExtensibilityGlobals) = postSolution
		SolutionGuid = {6A4CC0B9-8358-4951-8BC6-9C9EC7D18BFA}
	EndGlobalSection
EndGlobal
